{
  "requires": true,
  "lockfileVersion": 1,
  "dependencies": {
    "echarts": {
      "version": "5.2.2",
      "resolved": "https://registry.npmmirror.com/echarts/download/echarts-5.2.2.tgz",
      "integrity": "sha1-7DyLKhUcu6cbo8LHz5svIEfOQ3A=",
      "requires": {
        "tslib": "2.3.0",
        "zrender": "5.2.1"
      }
    },
    "tslib": {
      "version": "2.3.0",
      "resolved": "https://registry.nlark.com/tslib/download/tslib-2.3.0.tgz",
      "integrity": "sha1-gDuM2rPhK6WBpMpByIObuw2ssJ4="
    },
    "zrender": {
      "version": "5.2.1",
      "resolved": "https://registry.nlark.com/zrender/download/zrender-5.2.1.tgz",
      "integrity": "sha1-X0u9qRW6bUErCxncJDG+qtBUF7s=",
      "requires": {
        "tslib": "2.3.0"
      }
    }
  }
}
